
Microsoft Visual Studio Solution File, Format Version 12.00
# Visual Studio Version 16
VisualStudioVersion = 16.0.29519.181
MinimumVisualStudioVersion = 10.0.40219.1
Project("{9A19103F-16F7-4668-BE54-9A1E7A4F7556}") = "WebAppCore2V2", "WebAppCore2V2\WebAppCore2V2.csproj", "{A1BB087E-781B-4A9B-A08A-E6D9108B0034}"
EndProject
Project("{FAE04EC0-301F-11D3-BF4B-00C04F79EFBC}") = "AOS.Domain", "AOS.Domain\AOS.Domain.csproj", "{20B8CC27-EDF5-41B9-AE24-D4AC5831A36D}"
EndProject
Global
	GlobalSection(SolutionConfigurationPlatforms) = preSolution
		Debug|Any CPU = Debug|Any CPU
		Release|Any CPU = Release|Any CPU
	EndGlobalSection
	GlobalSection(ProjectConfigurationPlatforms) = postSolution
		{A1BB087E-781B-4A9B-A08A-E6D9108B0034}.Debug|Any CPU.ActiveCfg = Debug|Any CPU
		{A1BB087E-781B-4A9B-A08A-E6D9108B0034}.Debug|Any CPU.Build.0 = Debug|Any CPU
		{A1BB087E-781B-4A9B-A08A-E6D9108B0034}.Release|Any CPU.ActiveCfg = Release|Any CPU
		{A1BB087E-781B-4A9B-A08A-E6D9108B0034}.Release|Any CPU.Build.0 = Release|Any CPU
		{20B8CC27-EDF5-41B9-AE24-D4AC5831A36D}.Debug|Any CPU.ActiveCfg = Debug|Any CPU
		{20B8CC27-EDF5-41B9-AE24-D4AC5831A36D}.Debug|Any CPU.Build.0 = Debug|Any CPU
		{20B8CC27-EDF5-41B9-AE24-D4AC5831A36D}.Release|Any CPU.ActiveCfg = Release|Any CPU
		{20B8CC27-EDF5-41B9-AE24-D4AC5831A36D}.Release|Any CPU.Build.0 = Release|Any CPU
	EndGlobalSection
	GlobalSection(SolutionProperties) = preSolution
		HideSolutionNode = FALSE
	EndGlobalSection
	GlobalSection(ExtensibilityGlobals) = postSolution
		SolutionGuid = {1D58371E-111F-49E3-8DFB-81901E55BF28}
	EndGlobalSection
EndGlobal
